
Microsoft Visual Studio Solution File, Format Version 12.00
# Visual Studio Version 17
VisualStudioVersion = 17.0.31903.59
MinimumVisualStudioVersion = 10.0.40219.1
Project("{FAE04EC0-301F-11D3-BF4B-00C04F79EFBC}") = "TodoApi", "TodoApi\TodoApi.csproj", "{D0FCC2E1-2AAB-48ED-951E-3F2C8FFE2E6C}"
EndProject
Project("{FAE04EC0-301F-11D3-BF4B-00C04F79EFBC}") = "TodoApi.Tests", "TodoApi.Tests\TodoApi.Tests.csproj", "{3D7A74ED-2012-4126-B00B-ABED6D0C8EF6}"
EndProject
Global
	GlobalSection(SolutionConfigurationPlatforms) = preSolution
		Debug|Any CPU = Debug|Any CPU
		Release|Any CPU = Release|Any CPU
	EndGlobalSection
	GlobalSection(SolutionProperties) = preSolution
		HideSolutionNode = FALSE
	EndGlobalSection
	GlobalSection(ProjectConfigurationPlatforms) = postSolution
		{D0FCC2E1-2AAB-48ED-951E-3F2C8FFE2E6C}.Debug|Any CPU.ActiveCfg = Debug|Any CPU
		{D0FCC2E1-2AAB-48ED-951E-3F2C8FFE2E6C}.Debug|Any CPU.Build.0 = Debug|Any CPU
		{D0FCC2E1-2AAB-48ED-951E-3F2C8FFE2E6C}.Release|Any CPU.ActiveCfg = Release|Any CPU
		{D0FCC2E1-2AAB-48ED-951E-3F2C8FFE2E6C}.Release|Any CPU.Build.0 = Release|Any CPU
		{3D7A74ED-2012-4126-B00B-ABED6D0C8EF6}.Debug|Any CPU.ActiveCfg = Debug|Any CPU
		{3D7A74ED-2012-4126-B00B-ABED6D0C8EF6}.Debug|Any CPU.Build.0 = Debug|Any CPU
		{3D7A74ED-2012-4126-B00B-ABED6D0C8EF6}.Release|Any CPU.ActiveCfg = Release|Any CPU
		{3D7A74ED-2012-4126-B00B-ABED6D0C8EF6}.Release|Any CPU.Build.0 = Release|Any CPU
	EndGlobalSection
EndGlobal
